
Microsoft Visual Studio Solution File, Format Version 12.00
Project("{2150E333-8FDC-42A3-9474-1A3956D46DE8}") = "GymManagement", "GymManagement", "{E7DB5FD9-52AB-4258-BD48-AB771D93747C}"
EndProject
Project("{2150E333-8FDC-42A3-9474-1A3956D46DE8}") = "SessionReservation", "SessionReservation", "{16AEF8E8-2D3E-4C79-9626-D4E9FD74B2A7}"
EndProject
Project("{2150E333-8FDC-42A3-9474-1A3956D46DE8}") = "SharedKernel", "SharedKernel", "{67396626-B6CB-46C6-A68D-2E99F4B20185}"
EndProject
Project("{2150E333-8FDC-42A3-9474-1A3956D46DE8}") = "UserManagement", "UserManagement", "{658E912F-9113-4980-97C4-B1610D75AA0E}"
EndProject
Project("{2150E333-8FDC-42A3-9474-1A3956D46DE8}") = "Solution Items", "Solution Items", "{6404A253-A0CD-49D1-B4A8-F9E2BE8CC35C}"
	ProjectSection(SolutionItems) = preProject
		.editorconfig = .editorconfig
		.gitattributes = .gitattributes
		.gitignore = .gitignore
		Directory.Build.props = Directory.Build.props
		Directory.Packages.props = Directory.Packages.props
		global.json = global.json
		README.md = README.md
		compose.yaml = compose.yaml
	EndProjectSection
EndProject
Project("{2150E333-8FDC-42A3-9474-1A3956D46DE8}") = "Solution", "Solution", "{04F9147D-A895-4ADD-B905-08B6CDDF84FC}"
EndProject
Project("{2150E333-8FDC-42A3-9474-1A3956D46DE8}") = "src", "src", "{2FDD15E1-EED2-4A5F-AD40-F47A85CC8D13}"
EndProject
Project("{2150E333-8FDC-42A3-9474-1A3956D46DE8}") = "tests", "tests", "{040FCF24-385C-4493-A3D6-42C4C82AC8D3}"
EndProject
Project("{FAE04EC0-301F-11D3-BF4B-00C04F79EFBC}") = "UserManagement.Api", "UserManagement\src\UserManagement.Api\UserManagement.Api.csproj", "{87D4ACFE-BF43-4FD6-B050-5F575031B904}"
EndProject
Project("{FAE04EC0-301F-11D3-BF4B-00C04F79EFBC}") = "UserManagement.Application", "UserManagement\src\UserManagement.Application\UserManagement.Application.csproj", "{515A765F-2C4D-4108-BB26-1086F2C57A37}"
EndProject
Project("{FAE04EC0-301F-11D3-BF4B-00C04F79EFBC}") = "UserManagement.Contracts", "UserManagement\src\UserManagement.Contracts\UserManagement.Contracts.csproj", "{48F4FC12-B330-4EF2-9A05-69D68BF6ED8E}"
EndProject
Project("{FAE04EC0-301F-11D3-BF4B-00C04F79EFBC}") = "UserManagement.Domain", "UserManagement\src\UserManagement.Domain\UserManagement.Domain.csproj", "{C4ED99A0-80AC-472E-B00C-3205ADB9EE06}"
EndProject
Project("{FAE04EC0-301F-11D3-BF4B-00C04F79EFBC}") = "UserManagement.Infrastructure", "UserManagement\src\UserManagement.Infrastructure\UserManagement.Infrastructure.csproj", "{A85081ED-9059-4895-A6F5-04855AD685A2}"
EndProject
Project("{FAE04EC0-301F-11D3-BF4B-00C04F79EFBC}") = "SharedKernel", "SharedKernel\SharedKernel\SharedKernel.csproj", "{47AD7A84-2209-4F46-9A1F-7441C9B0AA17}"
EndProject
Project("{2150E333-8FDC-42A3-9474-1A3956D46DE8}") = "src", "src", "{D2C9A59B-B7B7-4A3B-B350-635314A43293}"
EndProject
Project("{2150E333-8FDC-42A3-9474-1A3956D46DE8}") = "tests", "tests", "{6D0E09E1-04C1-4099-ABE0-16F3A8AF3E05}"
EndProject
Project("{FAE04EC0-301F-11D3-BF4B-00C04F79EFBC}") = "SessionReservation.Domain", "SessionReservation\src\SessionReservation.Domain\SessionReservation.Domain.csproj", "{20C13F8A-9521-41CE-8FEA-08EAC9EF1E16}"
EndProject
Project("{FAE04EC0-301F-11D3-BF4B-00C04F79EFBC}") = "SessionReservation.Application", "SessionReservation\src\SessionReservation.Application\SessionReservation.Application.csproj", "{A2324113-1F84-4256-9011-7BB8294CEAD2}"
EndProject
Project("{FAE04EC0-301F-11D3-BF4B-00C04F79EFBC}") = "SessionReservation.Contracts", "SessionReservation\src\SessionReservation.Contracts\SessionReservation.Contracts.csproj", "{AA3B2B73-03FD-44FF-AEAC-0BE6436F22BA}"
EndProject
Project("{FAE04EC0-301F-11D3-BF4B-00C04F79EFBC}") = "SessionReservation.Infrastructure", "SessionReservation\src\SessionReservation.Infrastructure\SessionReservation.Infrastructure.csproj", "{2A1726B2-4F9E-4B1A-AEFD-5CFE39C68247}"
EndProject
Project("{2150E333-8FDC-42A3-9474-1A3956D46DE8}") = "src", "src", "{24AFBFF3-0CCE-4E8B-8E7E-2D50D13E724B}"
EndProject
Project("{2150E333-8FDC-42A3-9474-1A3956D46DE8}") = "tests", "tests", "{838559CB-E486-4118-9600-161DF824EDB1}"
EndProject
Project("{FAE04EC0-301F-11D3-BF4B-00C04F79EFBC}") = "SessionReservation.Domain.UnitTests", "SessionReservation\tests\SessionReservation.Domain.UnitTests\SessionReservation.Domain.UnitTests.csproj", "{CAD6E81E-AFE3-4E0C-B22D-EE11AC868E73}"
EndProject
Project("{FAE04EC0-301F-11D3-BF4B-00C04F79EFBC}") = "GymManagement.Contracts", "GymManagement\src\GymManagement.Contracts\GymManagement.Contracts.csproj", "{7E394296-03C4-4A45-8E63-F740EB6ECC48}"
EndProject
Project("{FAE04EC0-301F-11D3-BF4B-00C04F79EFBC}") = "GymManagement.Domain", "GymManagement\src\GymManagement.Domain\GymManagement.Domain.csproj", "{84B6A70D-D883-4799-BCC8-19E3FD0FF0B1}"
EndProject
Project("{FAE04EC0-301F-11D3-BF4B-00C04F79EFBC}") = "GymManagement.Infrastructure", "GymManagement\src\GymManagement.Infrastructure\GymManagement.Infrastructure.csproj", "{032E0B00-5BF4-4161-959F-C250E6D579E7}"
EndProject
Project("{FAE04EC0-301F-11D3-BF4B-00C04F79EFBC}") = "GymManagement.Application", "GymManagement\src\GymManagement.Application\GymManagement.Application.csproj", "{88298143-2B54-47EB-9A8C-99FBE9298B9B}"
EndProject
Project("{FAE04EC0-301F-11D3-BF4B-00C04F79EFBC}") = "GymManagement.Api", "GymManagement\src\GymManagement.Api\GymManagement.Api.csproj", "{A744B51E-413F-4E93-B7EB-BE3E5D180662}"
EndProject
Project("{FAE04EC0-301F-11D3-BF4B-00C04F79EFBC}") = "SessionReservation.Api", "SessionReservation\src\SessionReservation.Api\SessionReservation.Api.csproj", "{D8234201-C5FA-41BF-B763-4752713A11D4}"
EndProject
Global
	GlobalSection(SolutionConfigurationPlatforms) = preSolution
		Debug|Any CPU = Debug|Any CPU
		Release|Any CPU = Release|Any CPU
	EndGlobalSection
	GlobalSection(ProjectConfigurationPlatforms) = postSolution
		{87D4ACFE-BF43-4FD6-B050-5F575031B904}.Debug|Any CPU.ActiveCfg = Debug|Any CPU
		{87D4ACFE-BF43-4FD6-B050-5F575031B904}.Debug|Any CPU.Build.0 = Debug|Any CPU
		{87D4ACFE-BF43-4FD6-B050-5F575031B904}.Release|Any CPU.ActiveCfg = Release|Any CPU
		{87D4ACFE-BF43-4FD6-B050-5F575031B904}.Release|Any CPU.Build.0 = Release|Any CPU
		{515A765F-2C4D-4108-BB26-1086F2C57A37}.Debug|Any CPU.ActiveCfg = Debug|Any CPU
		{515A765F-2C4D-4108-BB26-1086F2C57A37}.Debug|Any CPU.Build.0 = Debug|Any CPU
		{515A765F-2C4D-4108-BB26-1086F2C57A37}.Release|Any CPU.ActiveCfg = Release|Any CPU
		{515A765F-2C4D-4108-BB26-1086F2C57A37}.Release|Any CPU.Build.0 = Release|Any CPU
		{48F4FC12-B330-4EF2-9A05-69D68BF6ED8E}.Debug|Any CPU.ActiveCfg = Debug|Any CPU
		{48F4FC12-B330-4EF2-9A05-69D68BF6ED8E}.Debug|Any CPU.Build.0 = Debug|Any CPU
		{48F4FC12-B330-4EF2-9A05-69D68BF6ED8E}.Release|Any CPU.ActiveCfg = Release|Any CPU
		{48F4FC12-B330-4EF2-9A05-69D68BF6ED8E}.Release|Any CPU.Build.0 = Release|Any CPU
		{C4ED99A0-80AC-472E-B00C-3205ADB9EE06}.Debug|Any CPU.ActiveCfg = Debug|Any CPU
		{C4ED99A0-80AC-472E-B00C-3205ADB9EE06}.Debug|Any CPU.Build.0 = Debug|Any CPU
		{C4ED99A0-80AC-472E-B00C-3205ADB9EE06}.Release|Any CPU.ActiveCfg = Release|Any CPU
		{C4ED99A0-80AC-472E-B00C-3205ADB9EE06}.Release|Any CPU.Build.0 = Release|Any CPU
		{A85081ED-9059-4895-A6F5-04855AD685A2}.Debug|Any CPU.ActiveCfg = Debug|Any CPU
		{A85081ED-9059-4895-A6F5-04855AD685A2}.Debug|Any CPU.Build.0 = Debug|Any CPU
		{A85081ED-9059-4895-A6F5-04855AD685A2}.Release|Any CPU.ActiveCfg = Release|Any CPU
		{A85081ED-9059-4895-A6F5-04855AD685A2}.Release|Any CPU.Build.0 = Release|Any CPU
		{47AD7A84-2209-4F46-9A1F-7441C9B0AA17}.Debug|Any CPU.ActiveCfg = Debug|Any CPU
		{47AD7A84-2209-4F46-9A1F-7441C9B0AA17}.Debug|Any CPU.Build.0 = Debug|Any CPU
		{47AD7A84-2209-4F46-9A1F-7441C9B0AA17}.Release|Any CPU.ActiveCfg = Release|Any CPU
		{47AD7A84-2209-4F46-9A1F-7441C9B0AA17}.Release|Any CPU.Build.0 = Release|Any CPU
		{20C13F8A-9521-41CE-8FEA-08EAC9EF1E16}.Debug|Any CPU.ActiveCfg = Debug|Any CPU
		{20C13F8A-9521-41CE-8FEA-08EAC9EF1E16}.Debug|Any CPU.Build.0 = Debug|Any CPU
		{20C13F8A-9521-41CE-8FEA-08EAC9EF1E16}.Release|Any CPU.ActiveCfg = Release|Any CPU
		{20C13F8A-9521-41CE-8FEA-08EAC9EF1E16}.Release|Any CPU.Build.0 = Release|Any CPU
		{A2324113-1F84-4256-9011-7BB8294CEAD2}.Debug|Any CPU.ActiveCfg = Debug|Any CPU
		{A2324113-1F84-4256-9011-7BB8294CEAD2}.Debug|Any CPU.Build.0 = Debug|Any CPU
		{A2324113-1F84-4256-9011-7BB8294CEAD2}.Release|Any CPU.ActiveCfg = Release|Any CPU
		{A2324113-1F84-4256-9011-7BB8294CEAD2}.Release|Any CPU.Build.0 = Release|Any CPU
		{AA3B2B73-03FD-44FF-AEAC-0BE6436F22BA}.Debug|Any CPU.ActiveCfg = Debug|Any CPU
		{AA3B2B73-03FD-44FF-AEAC-0BE6436F22BA}.Debug|Any CPU.Build.0 = Debug|Any CPU
		{AA3B2B73-03FD-44FF-AEAC-0BE6436F22BA}.Release|Any CPU.ActiveCfg = Release|Any CPU
		{AA3B2B73-03FD-44FF-AEAC-0BE6436F22BA}.Release|Any CPU.Build.0 = Release|Any CPU
		{2A1726B2-4F9E-4B1A-AEFD-5CFE39C68247}.Debug|Any CPU.ActiveCfg = Debug|Any CPU
		{2A1726B2-4F9E-4B1A-AEFD-5CFE39C68247}.Debug|Any CPU.Build.0 = Debug|Any CPU
		{2A1726B2-4F9E-4B1A-AEFD-5CFE39C68247}.Release|Any CPU.ActiveCfg = Release|Any CPU
		{2A1726B2-4F9E-4B1A-AEFD-5CFE39C68247}.Release|Any CPU.Build.0 = Release|Any CPU
		{CAD6E81E-AFE3-4E0C-B22D-EE11AC868E73}.Debug|Any CPU.ActiveCfg = Debug|Any CPU
		{CAD6E81E-AFE3-4E0C-B22D-EE11AC868E73}.Debug|Any CPU.Build.0 = Debug|Any CPU
		{CAD6E81E-AFE3-4E0C-B22D-EE11AC868E73}.Release|Any CPU.ActiveCfg = Release|Any CPU
		{CAD6E81E-AFE3-4E0C-B22D-EE11AC868E73}.Release|Any CPU.Build.0 = Release|Any CPU
		{7E394296-03C4-4A45-8E63-F740EB6ECC48}.Debug|Any CPU.ActiveCfg = Debug|Any CPU
		{7E394296-03C4-4A45-8E63-F740EB6ECC48}.Debug|Any CPU.Build.0 = Debug|Any CPU
		{7E394296-03C4-4A45-8E63-F740EB6ECC48}.Release|Any CPU.ActiveCfg = Release|Any CPU
		{7E394296-03C4-4A45-8E63-F740EB6ECC48}.Release|Any CPU.Build.0 = Release|Any CPU
		{84B6A70D-D883-4799-BCC8-19E3FD0FF0B1}.Debug|Any CPU.ActiveCfg = Debug|Any CPU
		{84B6A70D-D883-4799-BCC8-19E3FD0FF0B1}.Debug|Any CPU.Build.0 = Debug|Any CPU
		{84B6A70D-D883-4799-BCC8-19E3FD0FF0B1}.Release|Any CPU.ActiveCfg = Release|Any CPU
		{84B6A70D-D883-4799-BCC8-19E3FD0FF0B1}.Release|Any CPU.Build.0 = Release|Any CPU
		{032E0B00-5BF4-4161-959F-C250E6D579E7}.Debug|Any CPU.ActiveCfg = Debug|Any CPU
		{032E0B00-5BF4-4161-959F-C250E6D579E7}.Debug|Any CPU.Build.0 = Debug|Any CPU
		{032E0B00-5BF4-4161-959F-C250E6D579E7}.Release|Any CPU.ActiveCfg = Release|Any CPU
		{032E0B00-5BF4-4161-959F-C250E6D579E7}.Release|Any CPU.Build.0 = Release|Any CPU
		{88298143-2B54-47EB-9A8C-99FBE9298B9B}.Debug|Any CPU.ActiveCfg = Debug|Any CPU
		{88298143-2B54-47EB-9A8C-99FBE9298B9B}.Debug|Any CPU.Build.0 = Debug|Any CPU
		{88298143-2B54-47EB-9A8C-99FBE9298B9B}.Release|Any CPU.ActiveCfg = Release|Any CPU
		{88298143-2B54-47EB-9A8C-99FBE9298B9B}.Release|Any CPU.Build.0 = Release|Any CPU
		{A744B51E-413F-4E93-B7EB-BE3E5D180662}.Debug|Any CPU.ActiveCfg = Debug|Any CPU
		{A744B51E-413F-4E93-B7EB-BE3E5D180662}.Debug|Any CPU.Build.0 = Debug|Any CPU
		{A744B51E-413F-4E93-B7EB-BE3E5D180662}.Release|Any CPU.ActiveCfg = Release|Any CPU
		{A744B51E-413F-4E93-B7EB-BE3E5D180662}.Release|Any CPU.Build.0 = Release|Any CPU
		{D8234201-C5FA-41BF-B763-4752713A11D4}.Debug|Any CPU.ActiveCfg = Debug|Any CPU
		{D8234201-C5FA-41BF-B763-4752713A11D4}.Debug|Any CPU.Build.0 = Debug|Any CPU
		{D8234201-C5FA-41BF-B763-4752713A11D4}.Release|Any CPU.ActiveCfg = Release|Any CPU
		{D8234201-C5FA-41BF-B763-4752713A11D4}.Release|Any CPU.Build.0 = Release|Any CPU
	EndGlobalSection
	GlobalSection(NestedProjects) = preSolution
		{E7DB5FD9-52AB-4258-BD48-AB771D93747C} = {04F9147D-A895-4ADD-B905-08B6CDDF84FC}
		{16AEF8E8-2D3E-4C79-9626-D4E9FD74B2A7} = {04F9147D-A895-4ADD-B905-08B6CDDF84FC}
		{67396626-B6CB-46C6-A68D-2E99F4B20185} = {04F9147D-A895-4ADD-B905-08B6CDDF84FC}
		{658E912F-9113-4980-97C4-B1610D75AA0E} = {04F9147D-A895-4ADD-B905-08B6CDDF84FC}
		{2FDD15E1-EED2-4A5F-AD40-F47A85CC8D13} = {658E912F-9113-4980-97C4-B1610D75AA0E}
		{040FCF24-385C-4493-A3D6-42C4C82AC8D3} = {658E912F-9113-4980-97C4-B1610D75AA0E}
		{87D4ACFE-BF43-4FD6-B050-5F575031B904} = {2FDD15E1-EED2-4A5F-AD40-F47A85CC8D13}
		{515A765F-2C4D-4108-BB26-1086F2C57A37} = {2FDD15E1-EED2-4A5F-AD40-F47A85CC8D13}
		{48F4FC12-B330-4EF2-9A05-69D68BF6ED8E} = {2FDD15E1-EED2-4A5F-AD40-F47A85CC8D13}
		{C4ED99A0-80AC-472E-B00C-3205ADB9EE06} = {2FDD15E1-EED2-4A5F-AD40-F47A85CC8D13}
		{A85081ED-9059-4895-A6F5-04855AD685A2} = {2FDD15E1-EED2-4A5F-AD40-F47A85CC8D13}
		{47AD7A84-2209-4F46-9A1F-7441C9B0AA17} = {67396626-B6CB-46C6-A68D-2E99F4B20185}
		{D2C9A59B-B7B7-4A3B-B350-635314A43293} = {16AEF8E8-2D3E-4C79-9626-D4E9FD74B2A7}
		{6D0E09E1-04C1-4099-ABE0-16F3A8AF3E05} = {16AEF8E8-2D3E-4C79-9626-D4E9FD74B2A7}
		{20C13F8A-9521-41CE-8FEA-08EAC9EF1E16} = {D2C9A59B-B7B7-4A3B-B350-635314A43293}
		{A2324113-1F84-4256-9011-7BB8294CEAD2} = {D2C9A59B-B7B7-4A3B-B350-635314A43293}
		{AA3B2B73-03FD-44FF-AEAC-0BE6436F22BA} = {D2C9A59B-B7B7-4A3B-B350-635314A43293}
		{2A1726B2-4F9E-4B1A-AEFD-5CFE39C68247} = {D2C9A59B-B7B7-4A3B-B350-635314A43293}
		{24AFBFF3-0CCE-4E8B-8E7E-2D50D13E724B} = {E7DB5FD9-52AB-4258-BD48-AB771D93747C}
		{838559CB-E486-4118-9600-161DF824EDB1} = {E7DB5FD9-52AB-4258-BD48-AB771D93747C}
		{CAD6E81E-AFE3-4E0C-B22D-EE11AC868E73} = {6D0E09E1-04C1-4099-ABE0-16F3A8AF3E05}
		{7E394296-03C4-4A45-8E63-F740EB6ECC48} = {24AFBFF3-0CCE-4E8B-8E7E-2D50D13E724B}
		{84B6A70D-D883-4799-BCC8-19E3FD0FF0B1} = {24AFBFF3-0CCE-4E8B-8E7E-2D50D13E724B}
		{032E0B00-5BF4-4161-959F-C250E6D579E7} = {24AFBFF3-0CCE-4E8B-8E7E-2D50D13E724B}
		{88298143-2B54-47EB-9A8C-99FBE9298B9B} = {24AFBFF3-0CCE-4E8B-8E7E-2D50D13E724B}
		{A744B51E-413F-4E93-B7EB-BE3E5D180662} = {24AFBFF3-0CCE-4E8B-8E7E-2D50D13E724B}
		{D8234201-C5FA-41BF-B763-4752713A11D4} = {D2C9A59B-B7B7-4A3B-B350-635314A43293}
	EndGlobalSection
EndGlobal
